
Microsoft Visual Studio Solution File, Format Version 12.00
# Visual Studio 15
VisualStudioVersion = 15.0.27004.2005
MinimumVisualStudioVersion = 10.0.40219.1
Project("{FAE04EC0-301F-11D3-BF4B-00C04F79EFBC}") = "3InLine", "WpfApplication1\3InLine.csproj", "{530B2B31-2BFF-45FF-847E-BA124D72AF76}"
EndProject
Global
	GlobalSection(SolutionConfigurationPlatforms) = preSolution
		Debug|Any CPU = Debug|Any CPU
		Release|Any CPU = Release|Any CPU
	EndGlobalSection
	GlobalSection(ProjectConfigurationPlatforms) = postSolution
		{530B2B31-2BFF-45FF-847E-BA124D72AF76}.Debug|Any CPU.ActiveCfg = Debug|Any CPU
		{530B2B31-2BFF-45FF-847E-BA124D72AF76}.Debug|Any CPU.Build.0 = Debug|Any CPU
		{530B2B31-2BFF-45FF-847E-BA124D72AF76}.Release|Any CPU.ActiveCfg = Release|Any CPU
		{530B2B31-2BFF-45FF-847E-BA124D72AF76}.Release|Any CPU.Build.0 = Release|Any CPU
	EndGlobalSection
	GlobalSection(SolutionProperties) = preSolution
		HideSolutionNode = FALSE
	EndGlobalSection
	GlobalSection(ExtensibilityGlobals) = postSolution
		SolutionGuid = {B4FC555D-BD6C-4DC5-80B8-9B8BC72E9548}
	EndGlobalSection
EndGlobal
